
Microsoft Visual Studio Solution File, Format Version 12.00
# Visual Studio Version 17
VisualStudioVersion = 17.0.31903.59
MinimumVisualStudioVersion = 10.0.40219.1
Project("{FAE04EC0-301F-11D3-BF4B-00C04F79EFBC}") = "CSharpLearning.MVC", "CSharpLearning.MVC.csproj", "{93330848-26F9-4063-BC49-0A4CBE9BA819}"
EndProject
Global
	GlobalSection(SolutionConfigurationPlatforms) = preSolution
		Debug|Any CPU = Debug|Any CPU
		Release|Any CPU = Release|Any CPU
	EndGlobalSection
	GlobalSection(ProjectConfigurationPlatforms) = postSolution
		{93330848-26F9-4063-BC49-0A4CBE9BA819}.Debug|Any CPU.ActiveCfg = Debug|Any CPU
		{93330848-26F9-4063-BC49-0A4CBE9BA819}.Debug|Any CPU.Build.0 = Debug|Any CPU
		{93330848-26F9-4063-BC49-0A4CBE9BA819}.Release|Any CPU.ActiveCfg = Release|Any CPU
		{93330848-26F9-4063-BC49-0A4CBE9BA819}.Release|Any CPU.Build.0 = Release|Any CPU
	EndGlobalSection
	GlobalSection(SolutionProperties) = preSolution
		HideSolutionNode = FALSE
	EndGlobalSection
	GlobalSection(ExtensibilityGlobals) = postSolution
		SolutionGuid = {08AF3306-6DB9-4A61-8636-0FC693C7ACA3}
	EndGlobalSection
EndGlobal
