
Microsoft Visual Studio Solution File, Format Version 12.00
# Visual Studio Version 16
VisualStudioVersion = 16.0.31911.196
MinimumVisualStudioVersion = 10.0.40219.1
Project("{9A19103F-16F7-4668-BE54-9A1E7A4F7556}") = "VismaIdella.PersonApi", "VismaIdella.PersonApi\VismaIdella.PersonApi.csproj", "{0A8DC488-68C5-423F-B636-D32F92630EF1}"
EndProject
Project("{FAE04EC0-301F-11D3-BF4B-00C04F79EFBC}") = "VismaIdella.PersonApi.Application", "VismaIdella.PersonApi.Application\VismaIdella.PersonApi.Application.csproj", "{A67440A0-5D32-4FAA-9C4D-484B4A70FC65}"
EndProject
Project("{E53339B2-1760-4266-BCC7-CA923CBCF16C}") = "docker-compose", "docker-compose.dcproj", "{370F34C2-B4C6-4441-A53A-E1BABB7063C6}"
EndProject
Global
	GlobalSection(SolutionConfigurationPlatforms) = preSolution
		Debug|Any CPU = Debug|Any CPU
		Release|Any CPU = Release|Any CPU
	EndGlobalSection
	GlobalSection(ProjectConfigurationPlatforms) = postSolution
		{0A8DC488-68C5-423F-B636-D32F92630EF1}.Debug|Any CPU.ActiveCfg = Debug|Any CPU
		{0A8DC488-68C5-423F-B636-D32F92630EF1}.Debug|Any CPU.Build.0 = Debug|Any CPU
		{0A8DC488-68C5-423F-B636-D32F92630EF1}.Release|Any CPU.ActiveCfg = Release|Any CPU
		{0A8DC488-68C5-423F-B636-D32F92630EF1}.Release|Any CPU.Build.0 = Release|Any CPU
		{A67440A0-5D32-4FAA-9C4D-484B4A70FC65}.Debug|Any CPU.ActiveCfg = Debug|Any CPU
		{A67440A0-5D32-4FAA-9C4D-484B4A70FC65}.Debug|Any CPU.Build.0 = Debug|Any CPU
		{A67440A0-5D32-4FAA-9C4D-484B4A70FC65}.Release|Any CPU.ActiveCfg = Release|Any CPU
		{A67440A0-5D32-4FAA-9C4D-484B4A70FC65}.Release|Any CPU.Build.0 = Release|Any CPU
		{370F34C2-B4C6-4441-A53A-E1BABB7063C6}.Debug|Any CPU.ActiveCfg = Debug|Any CPU
		{370F34C2-B4C6-4441-A53A-E1BABB7063C6}.Debug|Any CPU.Build.0 = Debug|Any CPU
		{370F34C2-B4C6-4441-A53A-E1BABB7063C6}.Release|Any CPU.ActiveCfg = Release|Any CPU
		{370F34C2-B4C6-4441-A53A-E1BABB7063C6}.Release|Any CPU.Build.0 = Release|Any CPU
	EndGlobalSection
	GlobalSection(SolutionProperties) = preSolution
		HideSolutionNode = FALSE
	EndGlobalSection
	GlobalSection(ExtensibilityGlobals) = postSolution
		SolutionGuid = {109C8AAB-6BB6-4E35-8859-EE504E96E211}
	EndGlobalSection
EndGlobal
