
Microsoft Visual Studio Solution File, Format Version 12.00
# Visual Studio Version 16
VisualStudioVersion = 16.0.30114.105
MinimumVisualStudioVersion = 10.0.40219.1
Project("{FAE04EC0-301F-11D3-BF4B-00C04F79EFBC}") = "Session1", "Session1\Session1.csproj", "{1C2661AF-1140-4657-8CA4-AB146A276F83}"
EndProject
Project("{FAE04EC0-301F-11D3-BF4B-00C04F79EFBC}") = "Session2", "Session2\Session2.csproj", "{FE947EE5-42D9-4B72-9194-4B5EE17CD7B5}"
EndProject
Project("{FAE04EC0-301F-11D3-BF4B-00C04F79EFBC}") = "Session3", "Session3\Session3.csproj", "{C5E71807-6A35-42DA-B3F3-1E0A8D16E453}"
EndProject
Project("{FAE04EC0-301F-11D3-BF4B-00C04F79EFBC}") = "Session4", "Session4\Session4.csproj", "{9D37E3D1-4939-4F1A-95BB-6232B5614CB6}"
EndProject
Project("{FAE04EC0-301F-11D3-BF4B-00C04F79EFBC}") = "Session5", "Session5\Session5.csproj", "{AA8956B9-2198-42DF-9345-4AB442B9BDEC}"
EndProject
Project("{FAE04EC0-301F-11D3-BF4B-00C04F79EFBC}") = "Session6", "Session6\Session6.csproj", "{F1DDF53C-B2F2-4E5F-B7A1-2C1DA0C2BCC4}"
EndProject
Project("{FAE04EC0-301F-11D3-BF4B-00C04F79EFBC}") = "Session7", "Session7\Session7.csproj", "{B458F739-DAA0-470D-9C33-2394B855EB3E}"
EndProject
Project("{FAE04EC0-301F-11D3-BF4B-00C04F79EFBC}") = "Session8", "Session8\Session8.csproj", "{C254DF8D-DADA-4993-B60F-BD89BE4BA3FC}"
EndProject
Project("{FAE04EC0-301F-11D3-BF4B-00C04F79EFBC}") = "Session9", "Session9\Session9.csproj", "{12C4888A-3DD4-4B7B-A3EC-34B05973A4E1}"
EndProject
Global
	GlobalSection(SolutionConfigurationPlatforms) = preSolution
		Debug|Any CPU = Debug|Any CPU
		Debug|x64 = Debug|x64
		Debug|x86 = Debug|x86
		Release|Any CPU = Release|Any CPU
		Release|x64 = Release|x64
		Release|x86 = Release|x86
	EndGlobalSection
	GlobalSection(SolutionProperties) = preSolution
		HideSolutionNode = FALSE
	EndGlobalSection
	GlobalSection(ProjectConfigurationPlatforms) = postSolution
		{1C2661AF-1140-4657-8CA4-AB146A276F83}.Debug|Any CPU.ActiveCfg = Debug|Any CPU
		{1C2661AF-1140-4657-8CA4-AB146A276F83}.Debug|Any CPU.Build.0 = Debug|Any CPU
		{1C2661AF-1140-4657-8CA4-AB146A276F83}.Debug|x64.ActiveCfg = Debug|Any CPU
		{1C2661AF-1140-4657-8CA4-AB146A276F83}.Debug|x64.Build.0 = Debug|Any CPU
		{1C2661AF-1140-4657-8CA4-AB146A276F83}.Debug|x86.ActiveCfg = Debug|Any CPU
		{1C2661AF-1140-4657-8CA4-AB146A276F83}.Debug|x86.Build.0 = Debug|Any CPU
		{1C2661AF-1140-4657-8CA4-AB146A276F83}.Release|Any CPU.ActiveCfg = Release|Any CPU
		{1C2661AF-1140-4657-8CA4-AB146A276F83}.Release|Any CPU.Build.0 = Release|Any CPU
		{1C2661AF-1140-4657-8CA4-AB146A276F83}.Release|x64.ActiveCfg = Release|Any CPU
		{1C2661AF-1140-4657-8CA4-AB146A276F83}.Release|x64.Build.0 = Release|Any CPU
		{1C2661AF-1140-4657-8CA4-AB146A276F83}.Release|x86.ActiveCfg = Release|Any CPU
		{1C2661AF-1140-4657-8CA4-AB146A276F83}.Release|x86.Build.0 = Release|Any CPU
		{FE947EE5-42D9-4B72-9194-4B5EE17CD7B5}.Debug|Any CPU.ActiveCfg = Debug|Any CPU
		{FE947EE5-42D9-4B72-9194-4B5EE17CD7B5}.Debug|Any CPU.Build.0 = Debug|Any CPU
		{FE947EE5-42D9-4B72-9194-4B5EE17CD7B5}.Debug|x64.ActiveCfg = Debug|Any CPU
		{FE947EE5-42D9-4B72-9194-4B5EE17CD7B5}.Debug|x64.Build.0 = Debug|Any CPU
		{FE947EE5-42D9-4B72-9194-4B5EE17CD7B5}.Debug|x86.ActiveCfg = Debug|Any CPU
		{FE947EE5-42D9-4B72-9194-4B5EE17CD7B5}.Debug|x86.Build.0 = Debug|Any CPU
		{FE947EE5-42D9-4B72-9194-4B5EE17CD7B5}.Release|Any CPU.ActiveCfg = Release|Any CPU
		{FE947EE5-42D9-4B72-9194-4B5EE17CD7B5}.Release|Any CPU.Build.0 = Release|Any CPU
		{FE947EE5-42D9-4B72-9194-4B5EE17CD7B5}.Release|x64.ActiveCfg = Release|Any CPU
		{FE947EE5-42D9-4B72-9194-4B5EE17CD7B5}.Release|x64.Build.0 = Release|Any CPU
		{FE947EE5-42D9-4B72-9194-4B5EE17CD7B5}.Release|x86.ActiveCfg = Release|Any CPU
		{FE947EE5-42D9-4B72-9194-4B5EE17CD7B5}.Release|x86.Build.0 = Release|Any CPU
		{C5E71807-6A35-42DA-B3F3-1E0A8D16E453}.Debug|Any CPU.ActiveCfg = Debug|Any CPU
		{C5E71807-6A35-42DA-B3F3-1E0A8D16E453}.Debug|Any CPU.Build.0 = Debug|Any CPU
		{C5E71807-6A35-42DA-B3F3-1E0A8D16E453}.Debug|x64.ActiveCfg = Debug|Any CPU
		{C5E71807-6A35-42DA-B3F3-1E0A8D16E453}.Debug|x64.Build.0 = Debug|Any CPU
		{C5E71807-6A35-42DA-B3F3-1E0A8D16E453}.Debug|x86.ActiveCfg = Debug|Any CPU
		{C5E71807-6A35-42DA-B3F3-1E0A8D16E453}.Debug|x86.Build.0 = Debug|Any CPU
		{C5E71807-6A35-42DA-B3F3-1E0A8D16E453}.Release|Any CPU.ActiveCfg = Release|Any CPU
		{C5E71807-6A35-42DA-B3F3-1E0A8D16E453}.Release|Any CPU.Build.0 = Release|Any CPU
		{C5E71807-6A35-42DA-B3F3-1E0A8D16E453}.Release|x64.ActiveCfg = Release|Any CPU
		{C5E71807-6A35-42DA-B3F3-1E0A8D16E453}.Release|x64.Build.0 = Release|Any CPU
		{C5E71807-6A35-42DA-B3F3-1E0A8D16E453}.Release|x86.ActiveCfg = Release|Any CPU
		{C5E71807-6A35-42DA-B3F3-1E0A8D16E453}.Release|x86.Build.0 = Release|Any CPU
		{9D37E3D1-4939-4F1A-95BB-6232B5614CB6}.Debug|Any CPU.ActiveCfg = Debug|Any CPU
		{9D37E3D1-4939-4F1A-95BB-6232B5614CB6}.Debug|Any CPU.Build.0 = Debug|Any CPU
		{9D37E3D1-4939-4F1A-95BB-6232B5614CB6}.Debug|x64.ActiveCfg = Debug|Any CPU
		{9D37E3D1-4939-4F1A-95BB-6232B5614CB6}.Debug|x64.Build.0 = Debug|Any CPU
		{9D37E3D1-4939-4F1A-95BB-6232B5614CB6}.Debug|x86.ActiveCfg = Debug|Any CPU
		{9D37E3D1-4939-4F1A-95BB-6232B5614CB6}.Debug|x86.Build.0 = Debug|Any CPU
		{9D37E3D1-4939-4F1A-95BB-6232B5614CB6}.Release|Any CPU.ActiveCfg = Release|Any CPU
		{9D37E3D1-4939-4F1A-95BB-6232B5614CB6}.Release|Any CPU.Build.0 = Release|Any CPU
		{9D37E3D1-4939-4F1A-95BB-6232B5614CB6}.Release|x64.ActiveCfg = Release|Any CPU
		{9D37E3D1-4939-4F1A-95BB-6232B5614CB6}.Release|x64.Build.0 = Release|Any CPU
		{9D37E3D1-4939-4F1A-95BB-6232B5614CB6}.Release|x86.ActiveCfg = Release|Any CPU
		{9D37E3D1-4939-4F1A-95BB-6232B5614CB6}.Release|x86.Build.0 = Release|Any CPU
		{AA8956B9-2198-42DF-9345-4AB442B9BDEC}.Debug|Any CPU.ActiveCfg = Debug|Any CPU
		{AA8956B9-2198-42DF-9345-4AB442B9BDEC}.Debug|Any CPU.Build.0 = Debug|Any CPU
		{AA8956B9-2198-42DF-9345-4AB442B9BDEC}.Debug|x64.ActiveCfg = Debug|Any CPU
		{AA8956B9-2198-42DF-9345-4AB442B9BDEC}.Debug|x64.Build.0 = Debug|Any CPU
		{AA8956B9-2198-42DF-9345-4AB442B9BDEC}.Debug|x86.ActiveCfg = Debug|Any CPU
		{AA8956B9-2198-42DF-9345-4AB442B9BDEC}.Debug|x86.Build.0 = Debug|Any CPU
		{AA8956B9-2198-42DF-9345-4AB442B9BDEC}.Release|Any CPU.ActiveCfg = Release|Any CPU
		{AA8956B9-2198-42DF-9345-4AB442B9BDEC}.Release|Any CPU.Build.0 = Release|Any CPU
		{AA8956B9-2198-42DF-9345-4AB442B9BDEC}.Release|x64.ActiveCfg = Release|Any CPU
		{AA8956B9-2198-42DF-9345-4AB442B9BDEC}.Release|x64.Build.0 = Release|Any CPU
		{AA8956B9-2198-42DF-9345-4AB442B9BDEC}.Release|x86.ActiveCfg = Release|Any CPU
		{AA8956B9-2198-42DF-9345-4AB442B9BDEC}.Release|x86.Build.0 = Release|Any CPU
		{F1DDF53C-B2F2-4E5F-B7A1-2C1DA0C2BCC4}.Debug|Any CPU.ActiveCfg = Debug|Any CPU
		{F1DDF53C-B2F2-4E5F-B7A1-2C1DA0C2BCC4}.Debug|Any CPU.Build.0 = Debug|Any CPU
		{F1DDF53C-B2F2-4E5F-B7A1-2C1DA0C2BCC4}.Debug|x64.ActiveCfg = Debug|Any CPU
		{F1DDF53C-B2F2-4E5F-B7A1-2C1DA0C2BCC4}.Debug|x64.Build.0 = Debug|Any CPU
		{F1DDF53C-B2F2-4E5F-B7A1-2C1DA0C2BCC4}.Debug|x86.ActiveCfg = Debug|Any CPU
		{F1DDF53C-B2F2-4E5F-B7A1-2C1DA0C2BCC4}.Debug|x86.Build.0 = Debug|Any CPU
		{F1DDF53C-B2F2-4E5F-B7A1-2C1DA0C2BCC4}.Release|Any CPU.ActiveCfg = Release|Any CPU
		{F1DDF53C-B2F2-4E5F-B7A1-2C1DA0C2BCC4}.Release|Any CPU.Build.0 = Release|Any CPU
		{F1DDF53C-B2F2-4E5F-B7A1-2C1DA0C2BCC4}.Release|x64.ActiveCfg = Release|Any CPU
		{F1DDF53C-B2F2-4E5F-B7A1-2C1DA0C2BCC4}.Release|x64.Build.0 = Release|Any CPU
		{F1DDF53C-B2F2-4E5F-B7A1-2C1DA0C2BCC4}.Release|x86.ActiveCfg = Release|Any CPU
		{F1DDF53C-B2F2-4E5F-B7A1-2C1DA0C2BCC4}.Release|x86.Build.0 = Release|Any CPU
		{B458F739-DAA0-470D-9C33-2394B855EB3E}.Debug|Any CPU.ActiveCfg = Debug|Any CPU
		{B458F739-DAA0-470D-9C33-2394B855EB3E}.Debug|Any CPU.Build.0 = Debug|Any CPU
		{B458F739-DAA0-470D-9C33-2394B855EB3E}.Debug|x64.ActiveCfg = Debug|Any CPU
		{B458F739-DAA0-470D-9C33-2394B855EB3E}.Debug|x64.Build.0 = Debug|Any CPU
		{B458F739-DAA0-470D-9C33-2394B855EB3E}.Debug|x86.ActiveCfg = Debug|Any CPU
		{B458F739-DAA0-470D-9C33-2394B855EB3E}.Debug|x86.Build.0 = Debug|Any CPU
		{B458F739-DAA0-470D-9C33-2394B855EB3E}.Release|Any CPU.ActiveCfg = Release|Any CPU
		{B458F739-DAA0-470D-9C33-2394B855EB3E}.Release|Any CPU.Build.0 = Release|Any CPU
		{B458F739-DAA0-470D-9C33-2394B855EB3E}.Release|x64.ActiveCfg = Release|Any CPU
		{B458F739-DAA0-470D-9C33-2394B855EB3E}.Release|x64.Build.0 = Release|Any CPU
		{B458F739-DAA0-470D-9C33-2394B855EB3E}.Release|x86.ActiveCfg = Release|Any CPU
		{B458F739-DAA0-470D-9C33-2394B855EB3E}.Release|x86.Build.0 = Release|Any CPU
		{C254DF8D-DADA-4993-B60F-BD89BE4BA3FC}.Debug|Any CPU.ActiveCfg = Debug|Any CPU
		{C254DF8D-DADA-4993-B60F-BD89BE4BA3FC}.Debug|Any CPU.Build.0 = Debug|Any CPU
		{C254DF8D-DADA-4993-B60F-BD89BE4BA3FC}.Debug|x64.ActiveCfg = Debug|Any CPU
		{C254DF8D-DADA-4993-B60F-BD89BE4BA3FC}.Debug|x64.Build.0 = Debug|Any CPU
		{C254DF8D-DADA-4993-B60F-BD89BE4BA3FC}.Debug|x86.ActiveCfg = Debug|Any CPU
		{C254DF8D-DADA-4993-B60F-BD89BE4BA3FC}.Debug|x86.Build.0 = Debug|Any CPU
		{C254DF8D-DADA-4993-B60F-BD89BE4BA3FC}.Release|Any CPU.ActiveCfg = Release|Any CPU
		{C254DF8D-DADA-4993-B60F-BD89BE4BA3FC}.Release|Any CPU.Build.0 = Release|Any CPU
		{C254DF8D-DADA-4993-B60F-BD89BE4BA3FC}.Release|x64.ActiveCfg = Release|Any CPU
		{C254DF8D-DADA-4993-B60F-BD89BE4BA3FC}.Release|x64.Build.0 = Release|Any CPU
		{C254DF8D-DADA-4993-B60F-BD89BE4BA3FC}.Release|x86.ActiveCfg = Release|Any CPU
		{C254DF8D-DADA-4993-B60F-BD89BE4BA3FC}.Release|x86.Build.0 = Release|Any CPU
		{12C4888A-3DD4-4B7B-A3EC-34B05973A4E1}.Debug|Any CPU.ActiveCfg = Debug|Any CPU
		{12C4888A-3DD4-4B7B-A3EC-34B05973A4E1}.Debug|Any CPU.Build.0 = Debug|Any CPU
		{12C4888A-3DD4-4B7B-A3EC-34B05973A4E1}.Debug|x64.ActiveCfg = Debug|Any CPU
		{12C4888A-3DD4-4B7B-A3EC-34B05973A4E1}.Debug|x64.Build.0 = Debug|Any CPU
		{12C4888A-3DD4-4B7B-A3EC-34B05973A4E1}.Debug|x86.ActiveCfg = Debug|Any CPU
		{12C4888A-3DD4-4B7B-A3EC-34B05973A4E1}.Debug|x86.Build.0 = Debug|Any CPU
		{12C4888A-3DD4-4B7B-A3EC-34B05973A4E1}.Release|Any CPU.ActiveCfg = Release|Any CPU
		{12C4888A-3DD4-4B7B-A3EC-34B05973A4E1}.Release|Any CPU.Build.0 = Release|Any CPU
		{12C4888A-3DD4-4B7B-A3EC-34B05973A4E1}.Release|x64.ActiveCfg = Release|Any CPU
		{12C4888A-3DD4-4B7B-A3EC-34B05973A4E1}.Release|x64.Build.0 = Release|Any CPU
		{12C4888A-3DD4-4B7B-A3EC-34B05973A4E1}.Release|x86.ActiveCfg = Release|Any CPU
		{12C4888A-3DD4-4B7B-A3EC-34B05973A4E1}.Release|x86.Build.0 = Release|Any CPU
	EndGlobalSection
EndGlobal
